
Microsoft Visual Studio Solution File, Format Version 12.00
# Visual Studio Version 16
VisualStudioVersion = 16.0.30204.135
MinimumVisualStudioVersion = 10.0.40219.1
Project("{8BC9CEB8-8B4A-11D0-8D11-00A0C91BC942}") = "ITP_1_10_B", "ITP_10_B\ITP_10_B.vcxproj", "{02334B06-F244-4E1D-93F4-DD88C80105A9}"
EndProject
Project("{8BC9CEB8-8B4A-11D0-8D11-00A0C91BC942}") = "ITP_1_10_A", "ITP_1_10_A\ITP_1_10_A.vcxproj", "{4BED96F8-7816-4178-AB8D-1E9152D2525B}"
EndProject
Project("{8BC9CEB8-8B4A-11D0-8D11-00A0C91BC942}") = "ITP_1_11_A", "ITP_1_11_A\ITP_1_11_A.vcxproj", "{9B48B78C-5FD8-41F9-8347-C3B96B5F4DA4}"
EndProject
Project("{8BC9CEB8-8B4A-11D0-8D11-00A0C91BC942}") = "ITP_1_10_C", "ITP_1_10_C\ITP_1_10_C.vcxproj", "{E695EB31-396B-4C08-B41B-067ED9615690}"
EndProject
Project("{8BC9CEB8-8B4A-11D0-8D11-00A0C91BC942}") = "ITP_1_10_D", "ITP_1_10_D\ITP_1_10_D.vcxproj", "{0741A703-7FEB-46FC-871B-AA78BEDA969D}"
EndProject
Project("{8BC9CEB8-8B4A-11D0-8D11-00A0C91BC942}") = "ITP_1_2_A", "ITP_1_2_A\ITP_1_2_A.vcxproj", "{C4674DC2-B127-4E3E-B063-5C53CC30B6EE}"
EndProject
Project("{8BC9CEB8-8B4A-11D0-8D11-00A0C91BC942}") = "ITP_1_2_B", "ITP_1_2_B\ITP_1_2_B.vcxproj", "{C0B519FB-41E1-4E78-90FF-04CB55669C42}"
EndProject
Project("{8BC9CEB8-8B4A-11D0-8D11-00A0C91BC942}") = "ITP_1_2_C", "ITP_1_2_C\ITP_1_2_C.vcxproj", "{501B39F3-76ED-456D-A274-ED0D09B1E9E9}"
EndProject
Project("{8BC9CEB8-8B4A-11D0-8D11-00A0C91BC942}") = "ITP_1_2_D", "ITP_1_2_D\ITP_1_2_D.vcxproj", "{BC4BA428-C361-4217-B02E-E49CF5CB180B}"
EndProject
Project("{8BC9CEB8-8B4A-11D0-8D11-00A0C91BC942}") = "ITP_1_8_A", "ITP_1_8_A\ITP_1_8_A.vcxproj", "{B8CCBB85-4E30-4B1F-AE45-EA11CF8358A6}"
EndProject
Project("{8BC9CEB8-8B4A-11D0-8D11-00A0C91BC942}") = "ITP_1_8_B", "ITP_1_8_B\ITP_1_8_B.vcxproj", "{4E58AA1C-6A9E-46B4-90D0-4F14EBDB9A02}"
EndProject
Project("{8BC9CEB8-8B4A-11D0-8D11-00A0C91BC942}") = "ITP_1_8_C", "ITP_1_8_C\ITP_1_8_C.vcxproj", "{4693FCC0-5034-4BA4-A74E-425D9DD94C7D}"
EndProject
Project("{8BC9CEB8-8B4A-11D0-8D11-00A0C91BC942}") = "ITP_1_8_D", "ITP_1_8_D\ITP_1_8_D.vcxproj", "{888640CC-EF35-4401-A316-0840C25CE1FB}"
EndProject
Global
	GlobalSection(SolutionConfigurationPlatforms) = preSolution
		Debug|x64 = Debug|x64
		Debug|x86 = Debug|x86
		Release|x64 = Release|x64
		Release|x86 = Release|x86
	EndGlobalSection
	GlobalSection(ProjectConfigurationPlatforms) = postSolution
		{02334B06-F244-4E1D-93F4-DD88C80105A9}.Debug|x64.ActiveCfg = Debug|x64
		{02334B06-F244-4E1D-93F4-DD88C80105A9}.Debug|x64.Build.0 = Debug|x64
		{02334B06-F244-4E1D-93F4-DD88C80105A9}.Debug|x86.ActiveCfg = Debug|Win32
		{02334B06-F244-4E1D-93F4-DD88C80105A9}.Debug|x86.Build.0 = Debug|Win32
		{02334B06-F244-4E1D-93F4-DD88C80105A9}.Release|x64.ActiveCfg = Release|x64
		{02334B06-F244-4E1D-93F4-DD88C80105A9}.Release|x64.Build.0 = Release|x64
		{02334B06-F244-4E1D-93F4-DD88C80105A9}.Release|x86.ActiveCfg = Release|Win32
		{02334B06-F244-4E1D-93F4-DD88C80105A9}.Release|x86.Build.0 = Release|Win32
		{4BED96F8-7816-4178-AB8D-1E9152D2525B}.Debug|x64.ActiveCfg = Debug|x64
		{4BED96F8-7816-4178-AB8D-1E9152D2525B}.Debug|x64.Build.0 = Debug|x64
		{4BED96F8-7816-4178-AB8D-1E9152D2525B}.Debug|x86.ActiveCfg = Debug|Win32
		{4BED96F8-7816-4178-AB8D-1E9152D2525B}.Debug|x86.Build.0 = Debug|Win32
		{4BED96F8-7816-4178-AB8D-1E9152D2525B}.Release|x64.ActiveCfg = Release|x64
		{4BED96F8-7816-4178-AB8D-1E9152D2525B}.Release|x64.Build.0 = Release|x64
		{4BED96F8-7816-4178-AB8D-1E9152D2525B}.Release|x86.ActiveCfg = Release|Win32
		{4BED96F8-7816-4178-AB8D-1E9152D2525B}.Release|x86.Build.0 = Release|Win32
		{9B48B78C-5FD8-41F9-8347-C3B96B5F4DA4}.Debug|x64.ActiveCfg = Debug|x64
		{9B48B78C-5FD8-41F9-8347-C3B96B5F4DA4}.Debug|x64.Build.0 = Debug|x64
		{9B48B78C-5FD8-41F9-8347-C3B96B5F4DA4}.Debug|x86.ActiveCfg = Debug|Win32
		{9B48B78C-5FD8-41F9-8347-C3B96B5F4DA4}.Debug|x86.Build.0 = Debug|Win32
		{9B48B78C-5FD8-41F9-8347-C3B96B5F4DA4}.Release|x64.ActiveCfg = Release|x64
		{9B48B78C-5FD8-41F9-8347-C3B96B5F4DA4}.Release|x64.Build.0 = Release|x64
		{9B48B78C-5FD8-41F9-8347-C3B96B5F4DA4}.Release|x86.ActiveCfg = Release|Win32
		{9B48B78C-5FD8-41F9-8347-C3B96B5F4DA4}.Release|x86.Build.0 = Release|Win32
		{E695EB31-396B-4C08-B41B-067ED9615690}.Debug|x64.ActiveCfg = Debug|x64
		{E695EB31-396B-4C08-B41B-067ED9615690}.Debug|x64.Build.0 = Debug|x64
		{E695EB31-396B-4C08-B41B-067ED9615690}.Debug|x86.ActiveCfg = Debug|Win32
		{E695EB31-396B-4C08-B41B-067ED9615690}.Debug|x86.Build.0 = Debug|Win32
		{E695EB31-396B-4C08-B41B-067ED9615690}.Release|x64.ActiveCfg = Release|x64
		{E695EB31-396B-4C08-B41B-067ED9615690}.Release|x64.Build.0 = Release|x64
		{E695EB31-396B-4C08-B41B-067ED9615690}.Release|x86.ActiveCfg = Release|Win32
		{E695EB31-396B-4C08-B41B-067ED9615690}.Release|x86.Build.0 = Release|Win32
		{0741A703-7FEB-46FC-871B-AA78BEDA969D}.Debug|x64.ActiveCfg = Debug|x64
		{0741A703-7FEB-46FC-871B-AA78BEDA969D}.Debug|x64.Build.0 = Debug|x64
		{0741A703-7FEB-46FC-871B-AA78BEDA969D}.Debug|x86.ActiveCfg = Debug|Win32
		{0741A703-7FEB-46FC-871B-AA78BEDA969D}.Debug|x86.Build.0 = Debug|Win32
		{0741A703-7FEB-46FC-871B-AA78BEDA969D}.Release|x64.ActiveCfg = Release|x64
		{0741A703-7FEB-46FC-871B-AA78BEDA969D}.Release|x64.Build.0 = Release|x64
		{0741A703-7FEB-46FC-871B-AA78BEDA969D}.Release|x86.ActiveCfg = Release|Win32
		{0741A703-7FEB-46FC-871B-AA78BEDA969D}.Release|x86.Build.0 = Release|Win32
		{C4674DC2-B127-4E3E-B063-5C53CC30B6EE}.Debug|x64.ActiveCfg = Debug|x64
		{C4674DC2-B127-4E3E-B063-5C53CC30B6EE}.Debug|x64.Build.0 = Debug|x64
		{C4674DC2-B127-4E3E-B063-5C53CC30B6EE}.Debug|x86.ActiveCfg = Debug|Win32
		{C4674DC2-B127-4E3E-B063-5C53CC30B6EE}.Debug|x86.Build.0 = Debug|Win32
		{C4674DC2-B127-4E3E-B063-5C53CC30B6EE}.Release|x64.ActiveCfg = Release|x64
		{C4674DC2-B127-4E3E-B063-5C53CC30B6EE}.Release|x64.Build.0 = Release|x64
		{C4674DC2-B127-4E3E-B063-5C53CC30B6EE}.Release|x86.ActiveCfg = Release|Win32
		{C4674DC2-B127-4E3E-B063-5C53CC30B6EE}.Release|x86.Build.0 = Release|Win32
		{C0B519FB-41E1-4E78-90FF-04CB55669C42}.Debug|x64.ActiveCfg = Debug|x64
		{C0B519FB-41E1-4E78-90FF-04CB55669C42}.Debug|x64.Build.0 = Debug|x64
		{C0B519FB-41E1-4E78-90FF-04CB55669C42}.Debug|x86.ActiveCfg = Debug|Win32
		{C0B519FB-41E1-4E78-90FF-04CB55669C42}.Debug|x86.Build.0 = Debug|Win32
		{C0B519FB-41E1-4E78-90FF-04CB55669C42}.Release|x64.ActiveCfg = Release|x64
		{C0B519FB-41E1-4E78-90FF-04CB55669C42}.Release|x64.Build.0 = Release|x64
		{C0B519FB-41E1-4E78-90FF-04CB55669C42}.Release|x86.ActiveCfg = Release|Win32
		{C0B519FB-41E1-4E78-90FF-04CB55669C42}.Release|x86.Build.0 = Release|Win32
		{501B39F3-76ED-456D-A274-ED0D09B1E9E9}.Debug|x64.ActiveCfg = Debug|x64
		{501B39F3-76ED-456D-A274-ED0D09B1E9E9}.Debug|x64.Build.0 = Debug|x64
		{501B39F3-76ED-456D-A274-ED0D09B1E9E9}.Debug|x86.ActiveCfg = Debug|Win32
		{501B39F3-76ED-456D-A274-ED0D09B1E9E9}.Debug|x86.Build.0 = Debug|Win32
		{501B39F3-76ED-456D-A274-ED0D09B1E9E9}.Release|x64.ActiveCfg = Release|x64
		{501B39F3-76ED-456D-A274-ED0D09B1E9E9}.Release|x64.Build.0 = Release|x64
		{501B39F3-76ED-456D-A274-ED0D09B1E9E9}.Release|x86.ActiveCfg = Release|Win32
		{501B39F3-76ED-456D-A274-ED0D09B1E9E9}.Release|x86.Build.0 = Release|Win32
		{BC4BA428-C361-4217-B02E-E49CF5CB180B}.Debug|x64.ActiveCfg = Debug|x64
		{BC4BA428-C361-4217-B02E-E49CF5CB180B}.Debug|x64.Build.0 = Debug|x64
		{BC4BA428-C361-4217-B02E-E49CF5CB180B}.Debug|x86.ActiveCfg = Debug|Win32
		{BC4BA428-C361-4217-B02E-E49CF5CB180B}.Debug|x86.Build.0 = Debug|Win32
		{BC4BA428-C361-4217-B02E-E49CF5CB180B}.Release|x64.ActiveCfg = Release|x64
		{BC4BA428-C361-4217-B02E-E49CF5CB180B}.Release|x64.Build.0 = Release|x64
		{BC4BA428-C361-4217-B02E-E49CF5CB180B}.Release|x86.ActiveCfg = Release|Win32
		{BC4BA428-C361-4217-B02E-E49CF5CB180B}.Release|x86.Build.0 = Release|Win32
		{B8CCBB85-4E30-4B1F-AE45-EA11CF8358A6}.Debug|x64.ActiveCfg = Debug|x64
		{B8CCBB85-4E30-4B1F-AE45-EA11CF8358A6}.Debug|x64.Build.0 = Debug|x64
		{B8CCBB85-4E30-4B1F-AE45-EA11CF8358A6}.Debug|x86.ActiveCfg = Debug|Win32
		{B8CCBB85-4E30-4B1F-AE45-EA11CF8358A6}.Debug|x86.Build.0 = Debug|Win32
		{B8CCBB85-4E30-4B1F-AE45-EA11CF8358A6}.Release|x64.ActiveCfg = Release|x64
		{B8CCBB85-4E30-4B1F-AE45-EA11CF8358A6}.Release|x64.Build.0 = Release|x64
		{B8CCBB85-4E30-4B1F-AE45-EA11CF8358A6}.Release|x86.ActiveCfg = Release|Win32
		{B8CCBB85-4E30-4B1F-AE45-EA11CF8358A6}.Release|x86.Build.0 = Release|Win32
		{4E58AA1C-6A9E-46B4-90D0-4F14EBDB9A02}.Debug|x64.ActiveCfg = Debug|x64
		{4E58AA1C-6A9E-46B4-90D0-4F14EBDB9A02}.Debug|x64.Build.0 = Debug|x64
		{4E58AA1C-6A9E-46B4-90D0-4F14EBDB9A02}.Debug|x86.ActiveCfg = Debug|Win32
		{4E58AA1C-6A9E-46B4-90D0-4F14EBDB9A02}.Debug|x86.Build.0 = Debug|Win32
		{4E58AA1C-6A9E-46B4-90D0-4F14EBDB9A02}.Release|x64.ActiveCfg = Release|x64
		{4E58AA1C-6A9E-46B4-90D0-4F14EBDB9A02}.Release|x64.Build.0 = Release|x64
		{4E58AA1C-6A9E-46B4-90D0-4F14EBDB9A02}.Release|x86.ActiveCfg = Release|Win32
		{4E58AA1C-6A9E-46B4-90D0-4F14EBDB9A02}.Release|x86.Build.0 = Release|Win32
		{4693FCC0-5034-4BA4-A74E-425D9DD94C7D}.Debug|x64.ActiveCfg = Debug|x64
		{4693FCC0-5034-4BA4-A74E-425D9DD94C7D}.Debug|x64.Build.0 = Debug|x64
		{4693FCC0-5034-4BA4-A74E-425D9DD94C7D}.Debug|x86.ActiveCfg = Debug|Win32
		{4693FCC0-5034-4BA4-A74E-425D9DD94C7D}.Debug|x86.Build.0 = Debug|Win32
		{4693FCC0-5034-4BA4-A74E-425D9DD94C7D}.Release|x64.ActiveCfg = Release|x64
		{4693FCC0-5034-4BA4-A74E-425D9DD94C7D}.Release|x64.Build.0 = Release|x64
		{4693FCC0-5034-4BA4-A74E-425D9DD94C7D}.Release|x86.ActiveCfg = Release|Win32
		{4693FCC0-5034-4BA4-A74E-425D9DD94C7D}.Release|x86.Build.0 = Release|Win32
		{888640CC-EF35-4401-A316-0840C25CE1FB}.Debug|x64.ActiveCfg = Debug|x64
		{888640CC-EF35-4401-A316-0840C25CE1FB}.Debug|x64.Build.0 = Debug|x64
		{888640CC-EF35-4401-A316-0840C25CE1FB}.Debug|x86.ActiveCfg = Debug|Win32
		{888640CC-EF35-4401-A316-0840C25CE1FB}.Debug|x86.Build.0 = Debug|Win32
		{888640CC-EF35-4401-A316-0840C25CE1FB}.Release|x64.ActiveCfg = Release|x64
		{888640CC-EF35-4401-A316-0840C25CE1FB}.Release|x64.Build.0 = Release|x64
		{888640CC-EF35-4401-A316-0840C25CE1FB}.Release|x86.ActiveCfg = Release|Win32
		{888640CC-EF35-4401-A316-0840C25CE1FB}.Release|x86.Build.0 = Release|Win32
	EndGlobalSection
	GlobalSection(SolutionProperties) = preSolution
		HideSolutionNode = FALSE
	EndGlobalSection
	GlobalSection(ExtensibilityGlobals) = postSolution
		SolutionGuid = {A9B181D0-96CA-425C-8AAB-415A62912A56}
	EndGlobalSection
EndGlobal
